
Microsoft Visual Studio Solution File, Format Version 12.00
# Visual Studio Version 17
VisualStudioVersion = 17.9.34622.214
MinimumVisualStudioVersion = 10.0.40219.1
Project("{9A19103F-16F7-4668-BE54-9A1E7A4F7556}") = "EmreCrosshair", "CrosshairCsharp\EmreCrosshair.csproj", "{0627A8A2-46BA-4E08-B64D-36E43CEA4223}"
EndProject
Project("{54435603-DBB4-11D2-8724-00A0C9A8B90C}") = "Setup", "Setup\Setup.vdproj", "{72A118D3-D214-4D38-8224-85AEC8F00494}"
EndProject
Global
	GlobalSection(SolutionConfigurationPlatforms) = preSolution
		Debug|Any CPU = Debug|Any CPU
		Release|Any CPU = Release|Any CPU
	EndGlobalSection
	GlobalSection(ProjectConfigurationPlatforms) = postSolution
		{0627A8A2-46BA-4E08-B64D-36E43CEA4223}.Debug|Any CPU.ActiveCfg = Debug|Any CPU
		{0627A8A2-46BA-4E08-B64D-36E43CEA4223}.Debug|Any CPU.Build.0 = Debug|Any CPU
		{0627A8A2-46BA-4E08-B64D-36E43CEA4223}.Release|Any CPU.ActiveCfg = Release|Any CPU
		{0627A8A2-46BA-4E08-B64D-36E43CEA4223}.Release|Any CPU.Build.0 = Release|Any CPU
		{72A118D3-D214-4D38-8224-85AEC8F00494}.Debug|Any CPU.ActiveCfg = Debug
		{72A118D3-D214-4D38-8224-85AEC8F00494}.Release|Any CPU.ActiveCfg = Release
	EndGlobalSection
	GlobalSection(SolutionProperties) = preSolution
		HideSolutionNode = FALSE
	EndGlobalSection
	GlobalSection(ExtensibilityGlobals) = postSolution
		SolutionGuid = {731BA811-3132-4B7A-8FD2-D7805C16D7FF}
	EndGlobalSection
EndGlobal
